
Microsoft Visual Studio Solution File, Format Version 12.00
# Visual Studio Version 16
VisualStudioVersion = 25.0.1700.0
MinimumVisualStudioVersion = 10.0.40219.1
Project("{FAE04EC0-301F-11D3-BF4B-00C04F79EFBC}") = "KeyVaultDemo", "KeyVaultDemo.csproj", "{9788A105-BF49-4D4F-B72D-80AF79E5119C}"
EndProject
Global
	GlobalSection(SolutionConfigurationPlatforms) = preSolution
		Debug|Any CPU = Debug|Any CPU
		Release|Any CPU = Release|Any CPU
	EndGlobalSection
	GlobalSection(ProjectConfigurationPlatforms) = postSolution
		{9788A105-BF49-4D4F-B72D-80AF79E5119C}.Debug|Any CPU.ActiveCfg = Debug|Any CPU
		{9788A105-BF49-4D4F-B72D-80AF79E5119C}.Debug|Any CPU.Build.0 = Debug|Any CPU
		{9788A105-BF49-4D4F-B72D-80AF79E5119C}.Release|Any CPU.ActiveCfg = Release|Any CPU
		{9788A105-BF49-4D4F-B72D-80AF79E5119C}.Release|Any CPU.Build.0 = Release|Any CPU
	EndGlobalSection
	GlobalSection(SolutionProperties) = preSolution
		HideSolutionNode = FALSE
	EndGlobalSection
	GlobalSection(ExtensibilityGlobals) = postSolution
		SolutionGuid = {72A6A341-5213-4CDC-8F41-816C8D0B07A9}
	EndGlobalSection
EndGlobal
