
Microsoft Visual Studio Solution File, Format Version 12.00
# Visual Studio Version 16
VisualStudioVersion = 25.0.1700.0
MinimumVisualStudioVersion = 10.0.40219.1
Project("{FAE04EC0-301F-11D3-BF4B-00C04F79EFBC}") = "key-vault-demo", "key-vault-demo\key-vault-demo.csproj", "{C4139F1E-3D0E-46C2-AFA5-10A118E8DE5E}"
EndProject
Global
	GlobalSection(SolutionConfigurationPlatforms) = preSolution
		Debug|Any CPU = Debug|Any CPU
		Release|Any CPU = Release|Any CPU
	EndGlobalSection
	GlobalSection(ProjectConfigurationPlatforms) = postSolution
		{C4139F1E-3D0E-46C2-AFA5-10A118E8DE5E}.Debug|Any CPU.ActiveCfg = Debug|Any CPU
		{C4139F1E-3D0E-46C2-AFA5-10A118E8DE5E}.Debug|Any CPU.Build.0 = Debug|Any CPU
		{C4139F1E-3D0E-46C2-AFA5-10A118E8DE5E}.Release|Any CPU.ActiveCfg = Release|Any CPU
		{C4139F1E-3D0E-46C2-AFA5-10A118E8DE5E}.Release|Any CPU.Build.0 = Release|Any CPU
	EndGlobalSection
	GlobalSection(SolutionProperties) = preSolution
		HideSolutionNode = FALSE
	EndGlobalSection
	GlobalSection(ExtensibilityGlobals) = postSolution
		SolutionGuid = {1E3A6B47-FB9A-4CEF-87C6-89944E2AA84B}
	EndGlobalSection
EndGlobal
